
Microsoft Visual Studio Solution File, Format Version 12.00
# Visual Studio Version 17
VisualStudioVersion = 17.5.33530.505
MinimumVisualStudioVersion = 10.0.40219.1
Project("{9A19103F-16F7-4668-BE54-9A1E7A4F7556}") = "TrasladoSeguro", "TrasladoSeguro.csproj", "{AEF430B9-9BA8-41EC-BD64-D7DF72FE9768}"
EndProject
Global
	GlobalSection(SolutionConfigurationPlatforms) = preSolution
		Debug|Any CPU = Debug|Any CPU
		Release|Any CPU = Release|Any CPU
	EndGlobalSection
	GlobalSection(ProjectConfigurationPlatforms) = postSolution
		{AEF430B9-9BA8-41EC-BD64-D7DF72FE9768}.Debug|Any CPU.ActiveCfg = Debug|Any CPU
		{AEF430B9-9BA8-41EC-BD64-D7DF72FE9768}.Debug|Any CPU.Build.0 = Debug|Any CPU
		{AEF430B9-9BA8-41EC-BD64-D7DF72FE9768}.Release|Any CPU.ActiveCfg = Release|Any CPU
		{AEF430B9-9BA8-41EC-BD64-D7DF72FE9768}.Release|Any CPU.Build.0 = Release|Any CPU
	EndGlobalSection
	GlobalSection(SolutionProperties) = preSolution
		HideSolutionNode = FALSE
	EndGlobalSection
	GlobalSection(ExtensibilityGlobals) = postSolution
		SolutionGuid = {4A78C964-06D1-41D7-88C7-B015ED334D07}
	EndGlobalSection
EndGlobal
